
Microsoft Visual Studio Solution File, Format Version 12.00
# Visual Studio Version 17
VisualStudioVersion = 17.4.33213.308
MinimumVisualStudioVersion = 10.0.40219.1
Project("{9A19103F-16F7-4668-BE54-9A1E7A4F7556}") = "backend", "backend.csproj", "{EC3560E1-69C6-4269-BF4B-AED2B44E57FE}"
EndProject
Global
	GlobalSection(SolutionConfigurationPlatforms) = preSolution
		Debug|Any CPU = Debug|Any CPU
		Release|Any CPU = Release|Any CPU
	EndGlobalSection
	GlobalSection(ProjectConfigurationPlatforms) = postSolution
		{EC3560E1-69C6-4269-BF4B-AED2B44E57FE}.Debug|Any CPU.ActiveCfg = Debug|Any CPU
		{EC3560E1-69C6-4269-BF4B-AED2B44E57FE}.Debug|Any CPU.Build.0 = Debug|Any CPU
		{EC3560E1-69C6-4269-BF4B-AED2B44E57FE}.Release|Any CPU.ActiveCfg = Release|Any CPU
		{EC3560E1-69C6-4269-BF4B-AED2B44E57FE}.Release|Any CPU.Build.0 = Release|Any CPU
	EndGlobalSection
	GlobalSection(SolutionProperties) = preSolution
		HideSolutionNode = FALSE
	EndGlobalSection
	GlobalSection(ExtensibilityGlobals) = postSolution
		SolutionGuid = {42F5EC58-070B-4785-AADD-01EB26C1E8A0}
	EndGlobalSection
EndGlobal
